// !$*UTF8*$!
{
	archiveVersion = 1;
	classes = {
	};
	objectVersion = 46;
	objects = {

/* Begin PBXBuildFile section */
		D43B4AB619DEF3020002FF6C /* AppDelegate.swift in Sources */ = {isa = PBXBuildFile; fileRef = D43B4AB519DEF3020002FF6C /* AppDelegate.swift */; };
		D43B4AB919DEF3020002FF6C /* Assignment11___Costumes.xcdatamodeld in Sources */ = {isa = PBXBuildFile; fileRef = D43B4AB719DEF3020002FF6C /* Assignment11___Costumes.xcdatamodeld */; };
		D43B4ABB19DEF3020002FF6C /* ViewController.swift in Sources */ = {isa = PBXBuildFile; fileRef = D43B4ABA19DEF3020002FF6C /* ViewController.swift */; };
		D43B4ABE19DEF3020002FF6C /* Main.storyboard in Resources */ = {isa = PBXBuildFile; fileRef = D43B4ABC19DEF3020002FF6C /* Main.storyboard */; };
		D43B4AC019DEF3020002FF6C /* Images.xcassets in Resources */ = {isa = PBXBuildFile; fileRef = D43B4ABF19DEF3020002FF6C /* Images.xcassets */; };
		D43B4AC319DEF3020002FF6C /* LaunchScreen.xib in Resources */ = {isa = PBXBuildFile; fileRef = D43B4AC119DEF3020002FF6C /* LaunchScreen.xib */; };
		D43B4ACF19DEF3030002FF6C /* Assignment11___CostumesTests.swift in Sources */ = {isa = PBXBuildFile; fileRef = D43B4ACE19DEF3030002FF6C /* Assignment11___CostumesTests.swift */; };
		D4D2BFF519E1C11200DBC175 /* OrderHandler.swift in Sources */ = {isa = PBXBuildFile; fileRef = D4D2BFF419E1C11100DBC175 /* OrderHandler.swift */; };
/* End PBXBuildFile section */

/* Begin PBXContainerItemProxy section */
		D43B4AC919DEF3030002FF6C /* PBXContainerItemProxy */ = {
			isa = PBXContainerItemProxy;
			containerPortal = D43B4AA819DEF3020002FF6C /* Project object */;
			proxyType = 1;
			remoteGlobalIDString = D43B4AAF19DEF3020002FF6C;
			remoteInfo = "Assignment11 - Costumes";
		};
/* End PBXContainerItemProxy section */

/* Begin PBXFileReference section */
		D43B4AB019DEF3020002FF6C /* Assignment11 - Costumes.app */ = {isa = PBXFileReference; explicitFileType = wrapper.application; includeInIndex = 0; path = "Assignment11 - Costumes.app"; sourceTree = BUILT_PRODUCTS_DIR; };
		D43B4AB419DEF3020002FF6C /* Info.plist */ = {isa = PBXFileReference; lastKnownFileType = text.plist.xml; path = Info.plist; sourceTree = "<group>"; };
		D43B4AB519DEF3020002FF6C /* AppDelegate.swift */ = {isa = PBXFileReference; lastKnownFileType = sourcecode.swift; path = AppDelegate.swift; sourceTree = "<group>"; };
		D43B4AB819DEF3020002FF6C /* Assignment11___Costumes.xcdatamodel */ = {isa = PBXFileReference; lastKnownFileType = wrapper.xcdatamodel; path = "Assignment11___Costumes.xcdatamodel"; sourceTree = "<group>"; };
		D43B4ABA19DEF3020002FF6C /* ViewController.swift */ = {isa = PBXFileReference; lastKnownFileType = sourcecode.swift; path = ViewController.swift; sourceTree = "<group>"; };
		D43B4ABD19DEF3020002FF6C /* Base */ = {isa = PBXFileReference; lastKnownFileType = file.storyboard; name = Base; path = Base.lproj/Main.storyboard; sourceTree = "<group>"; };
		D43B4ABF19DEF3020002FF6C /* Images.xcassets */ = {isa = PBXFileReference; lastKnownFileType = folder.assetcatalog; path = Images.xcassets; sourceTree = "<group>"; };
		D43B4AC219DEF3020002FF6C /* Base */ = {isa = PBXFileReference; lastKnownFileType = file.xib; name = Base; path = Base.lproj/LaunchScreen.xib; sourceTree = "<group>"; };
		D43B4AC819DEF3030002FF6C /* Assignment11 - CostumesTests.xctest */ = {isa = PBXFileReference; explicitFileType = wrapper.cfbundle; includeInIndex = 0; path = "Assignment11 - CostumesTests.xctest"; sourceTree = BUILT_PRODUCTS_DIR; };
		D43B4ACD19DEF3030002FF6C /* Info.plist */ = {isa = PBXFileReference; lastKnownFileType = text.plist.xml; path = Info.plist; sourceTree = "<group>"; };
		D43B4ACE19DEF3030002FF6C /* Assignment11___CostumesTests.swift */ = {isa = PBXFileReference; lastKnownFileType = sourcecode.swift; path = "Assignment11___CostumesTests.swift"; sourceTree = "<group>"; };
		D4D2BFF419E1C11100DBC175 /* OrderHandler.swift */ = {isa = PBXFileReference; fileEncoding = 4; lastKnownFileType = sourcecode.swift; path = OrderHandler.swift; sourceTree = "<group>"; };
/* End PBXFileReference section */

/* Begin PBXFrameworksBuildPhase section */
		D43B4AAD19DEF3020002FF6C /* Frameworks */ = {
			isa = PBXFrameworksBuildPhase;
			buildActionMask = 2147483647;
			files = (
			);
			runOnlyForDeploymentPostprocessing = 0;
		};
		D43B4AC519DEF3030002FF6C /* Frameworks */ = {
			isa = PBXFrameworksBuildPhase;
			buildActionMask = 2147483647;
			files = (
			);
			runOnlyForDeploymentPostprocessing = 0;
		};
/* End PBXFrameworksBuildPhase section */

/* Begin PBXGroup section */
		D43B4AA719DEF3020002FF6C = {
			isa = PBXGroup;
			children = (
				D43B4AB219DEF3020002FF6C /* Assignment11 - Costumes */,
				D43B4ACB19DEF3030002FF6C /* Assignment11 - CostumesTests */,
				D43B4AB119DEF3020002FF6C /* Products */,
			);
			sourceTree = "<group>";
		};
		D43B4AB119DEF3020002FF6C /* Products */ = {
			isa = PBXGroup;
			children = (
				D43B4AB019DEF3020002FF6C /* Assignment11 - Costumes.app */,
				D43B4AC819DEF3030002FF6C /* Assignment11 - CostumesTests.xctest */,
			);
			name = Products;
			sourceTree = "<group>";
		};
		D43B4AB219DEF3020002FF6C /* Assignment11 - Costumes */ = {
			isa = PBXGroup;
			children = (
				D4D2BFF419E1C11100DBC175 /* OrderHandler.swift */,
				D43B4AB519DEF3020002FF6C /* AppDelegate.swift */,
				D43B4ABA19DEF3020002FF6C /* ViewController.swift */,
				D43B4ABC19DEF3020002FF6C /* Main.storyboard */,
				D43B4ABF19DEF3020002FF6C /* Images.xcassets */,
				D43B4AC119DEF3020002FF6C /* LaunchScreen.xib */,
				D43B4AB719DEF3020002FF6C /* Assignment11___Costumes.xcdatamodeld */,
				D43B4AB319DEF3020002FF6C /* Supporting Files */,
			);
			path = "Assignment11 - Costumes";
			sourceTree = "<group>";
		};
		D43B4AB319DEF3020002FF6C /* Supporting Files */ = {
			isa = PBXGroup;
			children = (
				D43B4AB419DEF3020002FF6C /* Info.plist */,
			);
			name = "Supporting Files";
			sourceTree = "<group>";
		};
		D43B4ACB19DEF3030002FF6C /* Assignment11 - CostumesTests */ = {
			isa = PBXGroup;
			children = (
				D43B4ACE19DEF3030002FF6C /* Assignment11___CostumesTests.swift */,
				D43B4ACC19DEF3030002FF6C /* Supporting Files */,
			);
			path = "Assignment11 - CostumesTests";
			sourceTree = "<group>";
		};
		D43B4ACC19DEF3030002FF6C /* Supporting Files */ = {
			isa = PBXGroup;
			children = (
				D43B4ACD19DEF3030002FF6C /* Info.plist */,
			);
			name = "Supporting Files";
			sourceTree = "<group>";
		};
/* End PBXGroup section */

/* Begin PBXNativeTarget section */
		D43B4AAF19DEF3020002FF6C /* Assignment11 - Costumes */ = {
			isa = PBXNativeTarget;
			buildConfigurationList = D43B4AD219DEF3030002FF6C /* Build configuration list for PBXNativeTarget "Assignment11 - Costumes" */;
			buildPhases = (
				D43B4AAC19DEF3020002FF6C /* Sources */,
				D43B4AAD19DEF3020002FF6C /* Frameworks */,
				D43B4AAE19DEF3020002FF6C /* Resources */,
			);
			buildRules = (
			);
			dependencies = (
			);
			name = "Assignment11 - Costumes";
			productName = "Assignment11 - Costumes";
			productReference = D43B4AB019DEF3020002FF6C /* Assignment11 - Costumes.app */;
			productType = "com.apple.product-type.application";
		};
		D43B4AC719DEF3030002FF6C /* Assignment11 - CostumesTests */ = {
			isa = PBXNativeTarget;
			buildConfigurationList = D43B4AD519DEF3030002FF6C /* Build configuration list for PBXNativeTarget "Assignment11 - CostumesTests" */;
			buildPhases = (
				D43B4AC419DEF3030002FF6C /* Sources */,
				D43B4AC519DEF3030002FF6C /* Frameworks */,
				D43B4AC619DEF3030002FF6C /* Resources */,
			);
			buildRules = (
			);
			dependencies = (
				D43B4ACA19DEF3030002FF6C /* PBXTargetDependency */,
			);
			name = "Assignment11 - CostumesTests";
			productName = "Assignment11 - CostumesTests";
			productReference = D43B4AC819DEF3030002FF6C /* Assignment11 - CostumesTests.xctest */;
			productType = "com.apple.product-type.bundle.unit-test";
		};
/* End PBXNativeTarget section */

/* Begin PBXProject section */
		D43B4AA819DEF3020002FF6C /* Project object */ = {
			isa = PBXProject;
			attributes = {
				LastUpgradeCheck = 0600;
				ORGANIZATIONNAME = Lssu;
				TargetAttributes = {
					D43B4AAF19DEF3020002FF6C = {
						CreatedOnToolsVersion = 6.1;
					};
					D43B4AC719DEF3030002FF6C = {
						CreatedOnToolsVersion = 6.1;
						TestTargetID = D43B4AAF19DEF3020002FF6C;
					};
				};
			};
			buildConfigurationList = D43B4AAB19DEF3020002FF6C /* Build configuration list for PBXProject "Assignment11 - Costumes" */;
			compatibilityVersion = "Xcode 3.2";
			developmentRegion = English;
			hasScannedForEncodings = 0;
			knownRegions = (
				en,
				Base,
			);
			mainGroup = D43B4AA719DEF3020002FF6C;
			productRefGroup = D43B4AB119DEF3020002FF6C /* Products */;
			projectDirPath = "";
			projectRoot = "";
			targets = (
				D43B4AAF19DEF3020002FF6C /* Assignment11 - Costumes */,
				D43B4AC719DEF3030002FF6C /* Assignment11 - CostumesTests */,
			);
		};
/* End PBXProject section */

/* Begin PBXResourcesBuildPhase section */
		D43B4AAE19DEF3020002FF6C /* Resources */ = {
			isa = PBXResourcesBuildPhase;
			buildActionMask = 2147483647;
			files = (
				D43B4ABE19DEF3020002FF6C /* Main.storyboard in Resources */,
				D43B4AC319DEF3020002FF6C /* LaunchScreen.xib in Resources */,
				D43B4AC019DEF3020002FF6C /* Images.xcassets in Resources */,
			);
			runOnlyForDeploymentPostprocessing = 0;
		};
		D43B4AC619DEF3030002FF6C /* Resources */ = {
			isa = PBXResourcesBuildPhase;
			buildActionMask = 2147483647;
			files = (
			);
			runOnlyForDeploymentPostprocessing = 0;
		};
/* End PBXResourcesBuildPhase section */

/* Begin PBXSourcesBuildPhase section */
		D43B4AAC19DEF3020002FF6C /* Sources */ = {
			isa = PBXSourcesBuildPhase;
			buildActionMask = 2147483647;
			files = (
				D43B4ABB19DEF3020002FF6C /* ViewController.swift in Sources */,
				D4D2BFF519E1C11200DBC175 /* OrderHandler.swift in Sources */,
				D43B4AB619DEF3020002FF6C /* AppDelegate.swift in Sources */,
				D43B4AB919DEF3020002FF6C /* Assignment11___Costumes.xcdatamodeld in Sources */,
			);
			runOnlyForDeploymentPostprocessing = 0;
		};
		D43B4AC419DEF3030002FF6C /* Sources */ = {
			isa = PBXSourcesBuildPhase;
			buildActionMask = 2147483647;
			files = (
				D43B4ACF19DEF3030002FF6C /* Assignment11___CostumesTests.swift in Sources */,
			);
			runOnlyForDeploymentPostprocessing = 0;
		};
/* End PBXSourcesBuildPhase section */

/* Begin PBXTargetDependency section */
		D43B4ACA19DEF3030002FF6C /* PBXTargetDependency */ = {
			isa = PBXTargetDependency;
			target = D43B4AAF19DEF3020002FF6C /* Assignment11 - Costumes */;
			targetProxy = D43B4AC919DEF3030002FF6C /* PBXContainerItemProxy */;
		};
/* End PBXTargetDependency section */

/* Begin PBXVariantGroup section */
		D43B4ABC19DEF3020002FF6C /* Main.storyboard */ = {
			isa = PBXVariantGroup;
			children = (
				D43B4ABD19DEF3020002FF6C /* Base */,
			);
			name = Main.storyboard;
			sourceTree = "<group>";
		};
		D43B4AC119DEF3020002FF6C /* LaunchScreen.xib */ = {
			isa = PBXVariantGroup;
			children = (
				D43B4AC219DEF3020002FF6C /* Base */,
			);
			name = LaunchScreen.xib;
			sourceTree = "<group>";
		};
/* End PBXVariantGroup section */

/* Begin XCBuildConfiguration section */
		D43B4AD019DEF3030002FF6C /* Debug */ = {
			isa = XCBuildConfiguration;
			buildSettings = {
				ALWAYS_SEARCH_USER_PATHS = NO;
				CLANG_CXX_LANGUAGE_STANDARD = "gnu++0x";
				CLANG_CXX_LIBRARY = "libc++";
				CLANG_ENABLE_MODULES = YES;
				CLANG_ENABLE_OBJC_ARC = YES;
				CLANG_WARN_BOOL_CONVERSION = YES;
				CLANG_WARN_CONSTANT_CONVERSION = YES;
				CLANG_WARN_DIRECT_OBJC_ISA_USAGE = YES_ERROR;
				CLANG_WARN_EMPTY_BODY = YES;
				CLANG_WARN_ENUM_CONVERSION = YES;
				CLANG_WARN_INT_CONVERSION = YES;
				CLANG_WARN_OBJC_ROOT_CLASS = YES_ERROR;
				CLANG_WARN_UNREACHABLE_CODE = YES;
				CLANG_WARN__DUPLICATE_METHOD_MATCH = YES;
				"CODE_SIGN_IDENTITY[sdk=iphoneos*]" = "iPhone Developer";
				COPY_PHASE_STRIP = NO;
				ENABLE_STRICT_OBJC_MSGSEND = YES;
				GCC_C_LANGUAGE_STANDARD = gnu99;
				GCC_DYNAMIC_NO_PIC = NO;
				GCC_OPTIMIZATION_LEVEL = 0;
				GCC_PREPROCESSOR_DEFINITIONS = (
					"DEBUG=1",
					"$(inherited)",
				);
				GCC_SYMBOLS_PRIVATE_EXTERN = NO;
				GCC_WARN_64_TO_32_BIT_CONVERSION = YES;
				GCC_WARN_ABOUT_RETURN_TYPE = YES_ERROR;
				GCC_WARN_UNDECLARED_SELECTOR = YES;
				GCC_WARN_UNINITIALIZED_AUTOS = YES_AGGRESSIVE;
				GCC_WARN_UNUSED_FUNCTION = YES;
				GCC_WARN_UNUSED_VARIABLE = YES;
				IPHONEOS_DEPLOYMENT_TARGET = 8.0;
				MTL_ENABLE_DEBUG_INFO = YES;
				ONLY_ACTIVE_ARCH = YES;
				SDKROOT = iphoneos;
				SWIFT_OPTIMIZATION_LEVEL = "-Onone";
			};
			name = Debug;
		};
		D43B4AD119DEF3030002FF6C /* Release */ = {
			isa = XCBuildConfiguration;
			buildSettings = {
				ALWAYS_SEARCH_USER_PATHS = NO;
				CLANG_CXX_LANGUAGE_STANDARD = "gnu++0x";
				CLANG_CXX_LIBRARY = "libc++";
				CLANG_ENABLE_MODULES = YES;
				CLANG_ENABLE_OBJC_ARC = YES;
				CLANG_WARN_BOOL_CONVERSION = YES;
				CLANG_WARN_CONSTANT_CONVERSION = YES;
				CLANG_WARN_DIRECT_OBJC_ISA_USAGE = YES_ERROR;
				CLANG_WARN_EMPTY_BODY = YES;
				CLANG_WARN_ENUM_CONVERSION = YES;
				CLANG_WARN_INT_CONVERSION = YES;
				CLANG_WARN_OBJC_ROOT_CLASS = YES_ERROR;
				CLANG_WARN_UNREACHABLE_CODE = YES;
				CLANG_WARN__DUPLICATE_METHOD_MATCH = YES;
				"CODE_SIGN_IDENTITY[sdk=iphoneos*]" = "iPhone Developer";
				COPY_PHASE_STRIP = YES;
				ENABLE_NS_ASSERTIONS = NO;
				ENABLE_STRICT_OBJC_MSGSEND = YES;
				GCC_C_LANGUAGE_STANDARD = gnu99;
				GCC_WARN_64_TO_32_BIT_CONVERSION = YES;
				GCC_WARN_ABOUT_RETURN_TYPE = YES_ERROR;
				GCC_WARN_UNDECLARED_SELECTOR = YES;
				GCC_WARN_UNINITIALIZED_AUTOS = YES_AGGRESSIVE;
				GCC_WARN_UNUSED_FUNCTION = YES;
				GCC_WARN_UNUSED_VARIABLE = YES;
				IPHONEOS_DEPLOYMENT_TARGET = 8.0;
				MTL_ENABLE_DEBUG_INFO = NO;
				SDKROOT = iphoneos;
				VALIDATE_PRODUCT = YES;
			};
			name = Release;
		};
		D43B4AD319DEF3030002FF6C /* Debug */ = {
			isa = XCBuildConfiguration;
			buildSettings = {
				ASSETCATALOG_COMPILER_APPICON_NAME = AppIcon;
				INFOPLIST_FILE = "Assignment11 - Costumes/Info.plist";
				LD_RUNPATH_SEARCH_PATHS = "$(inherited) @executable_path/Frameworks";
				PRODUCT_NAME = "$(TARGET_NAME)";
			};
			name = Debug;
		};
		D43B4AD419DEF3030002FF6C /* Release */ = {
			isa = XCBuildConfiguration;
			buildSettings = {
				ASSETCATALOG_COMPILER_APPICON_NAME = AppIcon;
				INFOPLIST_FILE = "Assignment11 - Costumes/Info.plist";
				LD_RUNPATH_SEARCH_PATHS = "$(inherited) @executable_path/Frameworks";
				PRODUCT_NAME = "$(TARGET_NAME)";
			};
			name = Release;
		};
		D43B4AD619DEF3030002FF6C /* Debug */ = {
			isa = XCBuildConfiguration;
			buildSettings = {
				BUNDLE_LOADER = "$(TEST_HOST)";
				FRAMEWORK_SEARCH_PATHS = (
					"$(SDKROOT)/Developer/Library/Frameworks",
					"$(inherited)",
				);
				GCC_PREPROCESSOR_DEFINITIONS = (
					"DEBUG=1",
					"$(inherited)",
				);
				INFOPLIST_FILE = "Assignment11 - CostumesTests/Info.plist";
				LD_RUNPATH_SEARCH_PATHS = "$(inherited) @executable_path/Frameworks @loader_path/Frameworks";
				PRODUCT_NAME = "$(TARGET_NAME)";
				TEST_HOST = "$(BUILT_PRODUCTS_DIR)/Assignment11 - Costumes.app/Assignment11 - Costumes";
			};
			name = Debug;
		};
		D43B4AD719DEF3030002FF6C /* Release */ = {
			isa = XCBuildConfiguration;
			buildSettings = {
				BUNDLE_LOADER = "$(TEST_HOST)";
				FRAMEWORK_SEARCH_PATHS = (
					"$(SDKROOT)/Developer/Library/Frameworks",
					"$(inherited)",
				);
				INFOPLIST_FILE = "Assignment11 - CostumesTests/Info.plist";
				LD_RUNPATH_SEARCH_PATHS = "$(inherited) @executable_path/Frameworks @loader_path/Frameworks";
				PRODUCT_NAME = "$(TARGET_NAME)";
				TEST_HOST = "$(BUILT_PRODUCTS_DIR)/Assignment11 - Costumes.app/Assignment11 - Costumes";
			};
			name = Release;
		};
/* End XCBuildConfiguration section */

/* Begin XCConfigurationList section */
		D43B4AAB19DEF3020002FF6C /* Build configuration list for PBXProject "Assignment11 - Costumes" */ = {
			isa = XCConfigurationList;
			buildConfigurations = (
				D43B4AD019DEF3030002FF6C /* Debug */,
				D43B4AD119DEF3030002FF6C /* Release */,
			);
			defaultConfigurationIsVisible = 0;
			defaultConfigurationName = Release;
		};
		D43B4AD219DEF3030002FF6C /* Build configuration list for PBXNativeTarget "Assignment11 - Costumes" */ = {
			isa = XCConfigurationList;
			buildConfigurations = (
				D43B4AD319DEF3030002FF6C /* Debug */,
				D43B4AD419DEF3030002FF6C /* Release */,
			);
			defaultConfigurationIsVisible = 0;
			defaultConfigurationName = Release;
		};
		D43B4AD519DEF3030002FF6C /* Build configuration list for PBXNativeTarget "Assignment11 - CostumesTests" */ = {
			isa = XCConfigurationList;
			buildConfigurations = (
				D43B4AD619DEF3030002FF6C /* Debug */,
				D43B4AD719DEF3030002FF6C /* Release */,
			);
			defaultConfigurationIsVisible = 0;
			defaultConfigurationName = Release;
		};
/* End XCConfigurationList section */

/* Begin XCVersionGroup section */
		D43B4AB719DEF3020002FF6C /* Assignment11___Costumes.xcdatamodeld */ = {
			isa = XCVersionGroup;
			children = (
				D43B4AB819DEF3020002FF6C /* Assignment11___Costumes.xcdatamodel */,
			);
			currentVersion = D43B4AB819DEF3020002FF6C /* Assignment11___Costumes.xcdatamodel */;
			path = "Assignment11___Costumes.xcdatamodeld";
			sourceTree = "<group>";
			versionGroupType = wrapper.xcdatamodel;
		};
/* End XCVersionGroup section */
	};
	rootObject = D43B4AA819DEF3020002FF6C /* Project object */;
}
