// !$*UTF8*$!
{
	archiveVersion = 1;
	classes = {
	};
	objectVersion = 46;
	objects = {

/* Begin PBXBuildFile section */
		D494CA5319AEB48400EEF85C /* AppDelegate.swift in Sources */ = {isa = PBXBuildFile; fileRef = D494CA5219AEB48400EEF85C /* AppDelegate.swift */; };
		D494CA5519AEB48400EEF85C /* ViewController.swift in Sources */ = {isa = PBXBuildFile; fileRef = D494CA5419AEB48400EEF85C /* ViewController.swift */; };
		D494CA5819AEB48400EEF85C /* Main.storyboard in Resources */ = {isa = PBXBuildFile; fileRef = D494CA5619AEB48400EEF85C /* Main.storyboard */; };
		D494CA5A19AEB48400EEF85C /* Images.xcassets in Resources */ = {isa = PBXBuildFile; fileRef = D494CA5919AEB48400EEF85C /* Images.xcassets */; };
		D494CA6619AEB48400EEF85C /* hw2Tests.swift in Sources */ = {isa = PBXBuildFile; fileRef = D494CA6519AEB48400EEF85C /* hw2Tests.swift */; };
/* End PBXBuildFile section */

/* Begin PBXContainerItemProxy section */
		D494CA6019AEB48400EEF85C /* PBXContainerItemProxy */ = {
			isa = PBXContainerItemProxy;
			containerPortal = D494CA4519AEB48400EEF85C /* Project object */;
			proxyType = 1;
			remoteGlobalIDString = D494CA4C19AEB48400EEF85C;
			remoteInfo = hw2;
		};
/* End PBXContainerItemProxy section */

/* Begin PBXFileReference section */
		D494CA4D19AEB48400EEF85C /* hw2.app */ = {isa = PBXFileReference; explicitFileType = wrapper.application; includeInIndex = 0; path = hw2.app; sourceTree = BUILT_PRODUCTS_DIR; };
		D494CA5119AEB48400EEF85C /* Info.plist */ = {isa = PBXFileReference; lastKnownFileType = text.plist.xml; path = Info.plist; sourceTree = "<group>"; };
		D494CA5219AEB48400EEF85C /* AppDelegate.swift */ = {isa = PBXFileReference; lastKnownFileType = sourcecode.swift; path = AppDelegate.swift; sourceTree = "<group>"; };
		D494CA5419AEB48400EEF85C /* ViewController.swift */ = {isa = PBXFileReference; lastKnownFileType = sourcecode.swift; path = ViewController.swift; sourceTree = "<group>"; };
		D494CA5719AEB48400EEF85C /* Base */ = {isa = PBXFileReference; lastKnownFileType = file.storyboard; name = Base; path = Base.lproj/Main.storyboard; sourceTree = "<group>"; };
		D494CA5919AEB48400EEF85C /* Images.xcassets */ = {isa = PBXFileReference; lastKnownFileType = folder.assetcatalog; path = Images.xcassets; sourceTree = "<group>"; };
		D494CA5F19AEB48400EEF85C /* hw2Tests.xctest */ = {isa = PBXFileReference; explicitFileType = wrapper.cfbundle; includeInIndex = 0; path = hw2Tests.xctest; sourceTree = BUILT_PRODUCTS_DIR; };
		D494CA6419AEB48400EEF85C /* Info.plist */ = {isa = PBXFileReference; lastKnownFileType = text.plist.xml; path = Info.plist; sourceTree = "<group>"; };
		D494CA6519AEB48400EEF85C /* hw2Tests.swift */ = {isa = PBXFileReference; lastKnownFileType = sourcecode.swift; path = hw2Tests.swift; sourceTree = "<group>"; };
/* End PBXFileReference section */

/* Begin PBXFrameworksBuildPhase section */
		D494CA4A19AEB48400EEF85C /* Frameworks */ = {
			isa = PBXFrameworksBuildPhase;
			buildActionMask = 2147483647;
			files = (
			);
			runOnlyForDeploymentPostprocessing = 0;
		};
		D494CA5C19AEB48400EEF85C /* Frameworks */ = {
			isa = PBXFrameworksBuildPhase;
			buildActionMask = 2147483647;
			files = (
			);
			runOnlyForDeploymentPostprocessing = 0;
		};
/* End PBXFrameworksBuildPhase section */

/* Begin PBXGroup section */
		D494CA4419AEB48400EEF85C = {
			isa = PBXGroup;
			children = (
				D494CA4F19AEB48400EEF85C /* hw2 */,
				D494CA6219AEB48400EEF85C /* hw2Tests */,
				D494CA4E19AEB48400EEF85C /* Products */,
			);
			sourceTree = "<group>";
		};
		D494CA4E19AEB48400EEF85C /* Products */ = {
			isa = PBXGroup;
			children = (
				D494CA4D19AEB48400EEF85C /* hw2.app */,
				D494CA5F19AEB48400EEF85C /* hw2Tests.xctest */,
			);
			name = Products;
			sourceTree = "<group>";
		};
		D494CA4F19AEB48400EEF85C /* hw2 */ = {
			isa = PBXGroup;
			children = (
				D494CA5219AEB48400EEF85C /* AppDelegate.swift */,
				D494CA5419AEB48400EEF85C /* ViewController.swift */,
				D494CA5619AEB48400EEF85C /* Main.storyboard */,
				D494CA5919AEB48400EEF85C /* Images.xcassets */,
				D494CA5019AEB48400EEF85C /* Supporting Files */,
			);
			path = hw2;
			sourceTree = "<group>";
		};
		D494CA5019AEB48400EEF85C /* Supporting Files */ = {
			isa = PBXGroup;
			children = (
				D494CA5119AEB48400EEF85C /* Info.plist */,
			);
			name = "Supporting Files";
			sourceTree = "<group>";
		};
		D494CA6219AEB48400EEF85C /* hw2Tests */ = {
			isa = PBXGroup;
			children = (
				D494CA6519AEB48400EEF85C /* hw2Tests.swift */,
				D494CA6319AEB48400EEF85C /* Supporting Files */,
			);
			path = hw2Tests;
			sourceTree = "<group>";
		};
		D494CA6319AEB48400EEF85C /* Supporting Files */ = {
			isa = PBXGroup;
			children = (
				D494CA6419AEB48400EEF85C /* Info.plist */,
			);
			name = "Supporting Files";
			sourceTree = "<group>";
		};
/* End PBXGroup section */

/* Begin PBXNativeTarget section */
		D494CA4C19AEB48400EEF85C /* hw2 */ = {
			isa = PBXNativeTarget;
			buildConfigurationList = D494CA6919AEB48400EEF85C /* Build configuration list for PBXNativeTarget "hw2" */;
			buildPhases = (
				D494CA4919AEB48400EEF85C /* Sources */,
				D494CA4A19AEB48400EEF85C /* Frameworks */,
				D494CA4B19AEB48400EEF85C /* Resources */,
			);
			buildRules = (
			);
			dependencies = (
			);
			name = hw2;
			productName = hw2;
			productReference = D494CA4D19AEB48400EEF85C /* hw2.app */;
			productType = "com.apple.product-type.application";
		};
		D494CA5E19AEB48400EEF85C /* hw2Tests */ = {
			isa = PBXNativeTarget;
			buildConfigurationList = D494CA6C19AEB48400EEF85C /* Build configuration list for PBXNativeTarget "hw2Tests" */;
			buildPhases = (
				D494CA5B19AEB48400EEF85C /* Sources */,
				D494CA5C19AEB48400EEF85C /* Frameworks */,
				D494CA5D19AEB48400EEF85C /* Resources */,
			);
			buildRules = (
			);
			dependencies = (
				D494CA6119AEB48400EEF85C /* PBXTargetDependency */,
			);
			name = hw2Tests;
			productName = hw2Tests;
			productReference = D494CA5F19AEB48400EEF85C /* hw2Tests.xctest */;
			productType = "com.apple.product-type.bundle.unit-test";
		};
/* End PBXNativeTarget section */

/* Begin PBXProject section */
		D494CA4519AEB48400EEF85C /* Project object */ = {
			isa = PBXProject;
			attributes = {
				LastUpgradeCheck = 0600;
				ORGANIZATIONNAME = "Josh Allen Bosley";
				TargetAttributes = {
					D494CA4C19AEB48400EEF85C = {
						CreatedOnToolsVersion = 6.0;
					};
					D494CA5E19AEB48400EEF85C = {
						CreatedOnToolsVersion = 6.0;
						TestTargetID = D494CA4C19AEB48400EEF85C;
					};
				};
			};
			buildConfigurationList = D494CA4819AEB48400EEF85C /* Build configuration list for PBXProject "hw2" */;
			compatibilityVersion = "Xcode 3.2";
			developmentRegion = English;
			hasScannedForEncodings = 0;
			knownRegions = (
				en,
				Base,
			);
			mainGroup = D494CA4419AEB48400EEF85C;
			productRefGroup = D494CA4E19AEB48400EEF85C /* Products */;
			projectDirPath = "";
			projectRoot = "";
			targets = (
				D494CA4C19AEB48400EEF85C /* hw2 */,
				D494CA5E19AEB48400EEF85C /* hw2Tests */,
			);
		};
/* End PBXProject section */

/* Begin PBXResourcesBuildPhase section */
		D494CA4B19AEB48400EEF85C /* Resources */ = {
			isa = PBXResourcesBuildPhase;
			buildActionMask = 2147483647;
			files = (
				D494CA5819AEB48400EEF85C /* Main.storyboard in Resources */,
				D494CA5A19AEB48400EEF85C /* Images.xcassets in Resources */,
			);
			runOnlyForDeploymentPostprocessing = 0;
		};
		D494CA5D19AEB48400EEF85C /* Resources */ = {
			isa = PBXResourcesBuildPhase;
			buildActionMask = 2147483647;
			files = (
			);
			runOnlyForDeploymentPostprocessing = 0;
		};
/* End PBXResourcesBuildPhase section */

/* Begin PBXSourcesBuildPhase section */
		D494CA4919AEB48400EEF85C /* Sources */ = {
			isa = PBXSourcesBuildPhase;
			buildActionMask = 2147483647;
			files = (
				D494CA5519AEB48400EEF85C /* ViewController.swift in Sources */,
				D494CA5319AEB48400EEF85C /* AppDelegate.swift in Sources */,
			);
			runOnlyForDeploymentPostprocessing = 0;
		};
		D494CA5B19AEB48400EEF85C /* Sources */ = {
			isa = PBXSourcesBuildPhase;
			buildActionMask = 2147483647;
			files = (
				D494CA6619AEB48400EEF85C /* hw2Tests.swift in Sources */,
			);
			runOnlyForDeploymentPostprocessing = 0;
		};
/* End PBXSourcesBuildPhase section */

/* Begin PBXTargetDependency section */
		D494CA6119AEB48400EEF85C /* PBXTargetDependency */ = {
			isa = PBXTargetDependency;
			target = D494CA4C19AEB48400EEF85C /* hw2 */;
			targetProxy = D494CA6019AEB48400EEF85C /* PBXContainerItemProxy */;
		};
/* End PBXTargetDependency section */

/* Begin PBXVariantGroup section */
		D494CA5619AEB48400EEF85C /* Main.storyboard */ = {
			isa = PBXVariantGroup;
			children = (
				D494CA5719AEB48400EEF85C /* Base */,
			);
			name = Main.storyboard;
			sourceTree = "<group>";
		};
/* End PBXVariantGroup section */

/* Begin XCBuildConfiguration section */
		D494CA6719AEB48400EEF85C /* Debug */ = {
			isa = XCBuildConfiguration;
			buildSettings = {
				ALWAYS_SEARCH_USER_PATHS = NO;
				CLANG_CXX_LANGUAGE_STANDARD = "gnu++0x";
				CLANG_CXX_LIBRARY = "libc++";
				CLANG_ENABLE_MODULES = YES;
				CLANG_ENABLE_OBJC_ARC = YES;
				CLANG_WARN_BOOL_CONVERSION = YES;
				CLANG_WARN_CONSTANT_CONVERSION = YES;
				CLANG_WARN_DIRECT_OBJC_ISA_USAGE = YES_ERROR;
				CLANG_WARN_EMPTY_BODY = YES;
				CLANG_WARN_ENUM_CONVERSION = YES;
				CLANG_WARN_INT_CONVERSION = YES;
				CLANG_WARN_OBJC_ROOT_CLASS = YES_ERROR;
				CLANG_WARN_UNREACHABLE_CODE = YES;
				CLANG_WARN__DUPLICATE_METHOD_MATCH = YES;
				"CODE_SIGN_IDENTITY[sdk=iphoneos*]" = "iPhone Developer";
				COPY_PHASE_STRIP = NO;
				ENABLE_STRICT_OBJC_MSGSEND = YES;
				GCC_C_LANGUAGE_STANDARD = gnu99;
				GCC_DYNAMIC_NO_PIC = NO;
				GCC_OPTIMIZATION_LEVEL = 0;
				GCC_PREPROCESSOR_DEFINITIONS = (
					"DEBUG=1",
					"$(inherited)",
				);
				GCC_SYMBOLS_PRIVATE_EXTERN = NO;
				GCC_WARN_64_TO_32_BIT_CONVERSION = YES;
				GCC_WARN_ABOUT_RETURN_TYPE = YES_ERROR;
				GCC_WARN_UNDECLARED_SELECTOR = YES;
				GCC_WARN_UNINITIALIZED_AUTOS = YES_AGGRESSIVE;
				GCC_WARN_UNUSED_FUNCTION = YES;
				GCC_WARN_UNUSED_VARIABLE = YES;
				IPHONEOS_DEPLOYMENT_TARGET = 8.0;
				MTL_ENABLE_DEBUG_INFO = YES;
				ONLY_ACTIVE_ARCH = YES;
				SDKROOT = iphoneos;
				SWIFT_OPTIMIZATION_LEVEL = "-Onone";
			};
			name = Debug;
		};
		D494CA6819AEB48400EEF85C /* Release */ = {
			isa = XCBuildConfiguration;
			buildSettings = {
				ALWAYS_SEARCH_USER_PATHS = NO;
				CLANG_CXX_LANGUAGE_STANDARD = "gnu++0x";
				CLANG_CXX_LIBRARY = "libc++";
				CLANG_ENABLE_MODULES = YES;
				CLANG_ENABLE_OBJC_ARC = YES;
				CLANG_WARN_BOOL_CONVERSION = YES;
				CLANG_WARN_CONSTANT_CONVERSION = YES;
				CLANG_WARN_DIRECT_OBJC_ISA_USAGE = YES_ERROR;
				CLANG_WARN_EMPTY_BODY = YES;
				CLANG_WARN_ENUM_CONVERSION = YES;
				CLANG_WARN_INT_CONVERSION = YES;
				CLANG_WARN_OBJC_ROOT_CLASS = YES_ERROR;
				CLANG_WARN_UNREACHABLE_CODE = YES;
				CLANG_WARN__DUPLICATE_METHOD_MATCH = YES;
				"CODE_SIGN_IDENTITY[sdk=iphoneos*]" = "iPhone Developer";
				COPY_PHASE_STRIP = YES;
				ENABLE_NS_ASSERTIONS = NO;
				ENABLE_STRICT_OBJC_MSGSEND = YES;
				GCC_C_LANGUAGE_STANDARD = gnu99;
				GCC_WARN_64_TO_32_BIT_CONVERSION = YES;
				GCC_WARN_ABOUT_RETURN_TYPE = YES_ERROR;
				GCC_WARN_UNDECLARED_SELECTOR = YES;
				GCC_WARN_UNINITIALIZED_AUTOS = YES_AGGRESSIVE;
				GCC_WARN_UNUSED_FUNCTION = YES;
				GCC_WARN_UNUSED_VARIABLE = YES;
				IPHONEOS_DEPLOYMENT_TARGET = 8.0;
				MTL_ENABLE_DEBUG_INFO = NO;
				SDKROOT = iphoneos;
				VALIDATE_PRODUCT = YES;
			};
			name = Release;
		};
		D494CA6A19AEB48400EEF85C /* Debug */ = {
			isa = XCBuildConfiguration;
			buildSettings = {
				ASSETCATALOG_COMPILER_APPICON_NAME = AppIcon;
				ASSETCATALOG_COMPILER_LAUNCHIMAGE_NAME = LaunchImage;
				INFOPLIST_FILE = hw2/Info.plist;
				LD_RUNPATH_SEARCH_PATHS = "$(inherited) @executable_path/Frameworks";
				PRODUCT_NAME = "$(TARGET_NAME)";
				TARGETED_DEVICE_FAMILY = 1;
			};
			name = Debug;
		};
		D494CA6B19AEB48400EEF85C /* Release */ = {
			isa = XCBuildConfiguration;
			buildSettings = {
				ASSETCATALOG_COMPILER_APPICON_NAME = AppIcon;
				ASSETCATALOG_COMPILER_LAUNCHIMAGE_NAME = LaunchImage;
				INFOPLIST_FILE = hw2/Info.plist;
				LD_RUNPATH_SEARCH_PATHS = "$(inherited) @executable_path/Frameworks";
				PRODUCT_NAME = "$(TARGET_NAME)";
				TARGETED_DEVICE_FAMILY = 1;
			};
			name = Release;
		};
		D494CA6D19AEB48400EEF85C /* Debug */ = {
			isa = XCBuildConfiguration;
			buildSettings = {
				BUNDLE_LOADER = "$(TEST_HOST)";
				FRAMEWORK_SEARCH_PATHS = (
					"$(SDKROOT)/Developer/Library/Frameworks",
					"$(inherited)",
				);
				GCC_PREPROCESSOR_DEFINITIONS = (
					"DEBUG=1",
					"$(inherited)",
				);
				INFOPLIST_FILE = hw2Tests/Info.plist;
				LD_RUNPATH_SEARCH_PATHS = "$(inherited) @executable_path/Frameworks @loader_path/Frameworks";
				PRODUCT_NAME = "$(TARGET_NAME)";
				TEST_HOST = "$(BUILT_PRODUCTS_DIR)/hw2.app/hw2";
			};
			name = Debug;
		};
		D494CA6E19AEB48400EEF85C /* Release */ = {
			isa = XCBuildConfiguration;
			buildSettings = {
				BUNDLE_LOADER = "$(TEST_HOST)";
				FRAMEWORK_SEARCH_PATHS = (
					"$(SDKROOT)/Developer/Library/Frameworks",
					"$(inherited)",
				);
				INFOPLIST_FILE = hw2Tests/Info.plist;
				LD_RUNPATH_SEARCH_PATHS = "$(inherited) @executable_path/Frameworks @loader_path/Frameworks";
				PRODUCT_NAME = "$(TARGET_NAME)";
				TEST_HOST = "$(BUILT_PRODUCTS_DIR)/hw2.app/hw2";
			};
			name = Release;
		};
/* End XCBuildConfiguration section */

/* Begin XCConfigurationList section */
		D494CA4819AEB48400EEF85C /* Build configuration list for PBXProject "hw2" */ = {
			isa = XCConfigurationList;
			buildConfigurations = (
				D494CA6719AEB48400EEF85C /* Debug */,
				D494CA6819AEB48400EEF85C /* Release */,
			);
			defaultConfigurationIsVisible = 0;
			defaultConfigurationName = Release;
		};
		D494CA6919AEB48400EEF85C /* Build configuration list for PBXNativeTarget "hw2" */ = {
			isa = XCConfigurationList;
			buildConfigurations = (
				D494CA6A19AEB48400EEF85C /* Debug */,
				D494CA6B19AEB48400EEF85C /* Release */,
			);
			defaultConfigurationIsVisible = 0;
		};
		D494CA6C19AEB48400EEF85C /* Build configuration list for PBXNativeTarget "hw2Tests" */ = {
			isa = XCConfigurationList;
			buildConfigurations = (
				D494CA6D19AEB48400EEF85C /* Debug */,
				D494CA6E19AEB48400EEF85C /* Release */,
			);
			defaultConfigurationIsVisible = 0;
		};
/* End XCConfigurationList section */
	};
	rootObject = D494CA4519AEB48400EEF85C /* Project object */;
}
