// !$*UTF8*$!
{
	archiveVersion = 1;
	classes = {
	};
	objectVersion = 46;
	objects = {

/* Begin PBXBuildFile section */
		D494CA2819AEAF0A00EEF85C /* AppDelegate.swift in Sources */ = {isa = PBXBuildFile; fileRef = D494CA2719AEAF0A00EEF85C /* AppDelegate.swift */; };
		D494CA2A19AEAF0A00EEF85C /* ViewController.swift in Sources */ = {isa = PBXBuildFile; fileRef = D494CA2919AEAF0A00EEF85C /* ViewController.swift */; };
		D494CA2D19AEAF0A00EEF85C /* Main.storyboard in Resources */ = {isa = PBXBuildFile; fileRef = D494CA2B19AEAF0A00EEF85C /* Main.storyboard */; };
		D494CA2F19AEAF0B00EEF85C /* Images.xcassets in Resources */ = {isa = PBXBuildFile; fileRef = D494CA2E19AEAF0B00EEF85C /* Images.xcassets */; };
		D494CA3B19AEAF0B00EEF85C /* Hello_WorldTests.swift in Sources */ = {isa = PBXBuildFile; fileRef = D494CA3A19AEAF0B00EEF85C /* Hello_WorldTests.swift */; };
/* End PBXBuildFile section */

/* Begin PBXContainerItemProxy section */
		D494CA3519AEAF0B00EEF85C /* PBXContainerItemProxy */ = {
			isa = PBXContainerItemProxy;
			containerPortal = D494CA1A19AEAF0A00EEF85C /* Project object */;
			proxyType = 1;
			remoteGlobalIDString = D494CA2119AEAF0A00EEF85C;
			remoteInfo = "Hello World";
		};
/* End PBXContainerItemProxy section */

/* Begin PBXFileReference section */
		D494CA2219AEAF0A00EEF85C /* Hello World.app */ = {isa = PBXFileReference; explicitFileType = wrapper.application; includeInIndex = 0; path = "Hello World.app"; sourceTree = BUILT_PRODUCTS_DIR; };
		D494CA2619AEAF0A00EEF85C /* Info.plist */ = {isa = PBXFileReference; lastKnownFileType = text.plist.xml; path = Info.plist; sourceTree = "<group>"; };
		D494CA2719AEAF0A00EEF85C /* AppDelegate.swift */ = {isa = PBXFileReference; lastKnownFileType = sourcecode.swift; path = AppDelegate.swift; sourceTree = "<group>"; };
		D494CA2919AEAF0A00EEF85C /* ViewController.swift */ = {isa = PBXFileReference; lastKnownFileType = sourcecode.swift; path = ViewController.swift; sourceTree = "<group>"; };
		D494CA2C19AEAF0A00EEF85C /* Base */ = {isa = PBXFileReference; lastKnownFileType = file.storyboard; name = Base; path = Base.lproj/Main.storyboard; sourceTree = "<group>"; };
		D494CA2E19AEAF0B00EEF85C /* Images.xcassets */ = {isa = PBXFileReference; lastKnownFileType = folder.assetcatalog; path = Images.xcassets; sourceTree = "<group>"; };
		D494CA3419AEAF0B00EEF85C /* Hello WorldTests.xctest */ = {isa = PBXFileReference; explicitFileType = wrapper.cfbundle; includeInIndex = 0; path = "Hello WorldTests.xctest"; sourceTree = BUILT_PRODUCTS_DIR; };
		D494CA3919AEAF0B00EEF85C /* Info.plist */ = {isa = PBXFileReference; lastKnownFileType = text.plist.xml; path = Info.plist; sourceTree = "<group>"; };
		D494CA3A19AEAF0B00EEF85C /* Hello_WorldTests.swift */ = {isa = PBXFileReference; lastKnownFileType = sourcecode.swift; path = Hello_WorldTests.swift; sourceTree = "<group>"; };
/* End PBXFileReference section */

/* Begin PBXFrameworksBuildPhase section */
		D494CA1F19AEAF0A00EEF85C /* Frameworks */ = {
			isa = PBXFrameworksBuildPhase;
			buildActionMask = 2147483647;
			files = (
			);
			runOnlyForDeploymentPostprocessing = 0;
		};
		D494CA3119AEAF0B00EEF85C /* Frameworks */ = {
			isa = PBXFrameworksBuildPhase;
			buildActionMask = 2147483647;
			files = (
			);
			runOnlyForDeploymentPostprocessing = 0;
		};
/* End PBXFrameworksBuildPhase section */

/* Begin PBXGroup section */
		D494CA1919AEAF0A00EEF85C = {
			isa = PBXGroup;
			children = (
				D494CA2419AEAF0A00EEF85C /* Hello World */,
				D494CA3719AEAF0B00EEF85C /* Hello WorldTests */,
				D494CA2319AEAF0A00EEF85C /* Products */,
			);
			sourceTree = "<group>";
		};
		D494CA2319AEAF0A00EEF85C /* Products */ = {
			isa = PBXGroup;
			children = (
				D494CA2219AEAF0A00EEF85C /* Hello World.app */,
				D494CA3419AEAF0B00EEF85C /* Hello WorldTests.xctest */,
			);
			name = Products;
			sourceTree = "<group>";
		};
		D494CA2419AEAF0A00EEF85C /* Hello World */ = {
			isa = PBXGroup;
			children = (
				D494CA2719AEAF0A00EEF85C /* AppDelegate.swift */,
				D494CA2919AEAF0A00EEF85C /* ViewController.swift */,
				D494CA2B19AEAF0A00EEF85C /* Main.storyboard */,
				D494CA2E19AEAF0B00EEF85C /* Images.xcassets */,
				D494CA2519AEAF0A00EEF85C /* Supporting Files */,
			);
			path = "Hello World";
			sourceTree = "<group>";
		};
		D494CA2519AEAF0A00EEF85C /* Supporting Files */ = {
			isa = PBXGroup;
			children = (
				D494CA2619AEAF0A00EEF85C /* Info.plist */,
			);
			name = "Supporting Files";
			sourceTree = "<group>";
		};
		D494CA3719AEAF0B00EEF85C /* Hello WorldTests */ = {
			isa = PBXGroup;
			children = (
				D494CA3A19AEAF0B00EEF85C /* Hello_WorldTests.swift */,
				D494CA3819AEAF0B00EEF85C /* Supporting Files */,
			);
			path = "Hello WorldTests";
			sourceTree = "<group>";
		};
		D494CA3819AEAF0B00EEF85C /* Supporting Files */ = {
			isa = PBXGroup;
			children = (
				D494CA3919AEAF0B00EEF85C /* Info.plist */,
			);
			name = "Supporting Files";
			sourceTree = "<group>";
		};
/* End PBXGroup section */

/* Begin PBXNativeTarget section */
		D494CA2119AEAF0A00EEF85C /* Hello World */ = {
			isa = PBXNativeTarget;
			buildConfigurationList = D494CA3E19AEAF0B00EEF85C /* Build configuration list for PBXNativeTarget "Hello World" */;
			buildPhases = (
				D494CA1E19AEAF0A00EEF85C /* Sources */,
				D494CA1F19AEAF0A00EEF85C /* Frameworks */,
				D494CA2019AEAF0A00EEF85C /* Resources */,
			);
			buildRules = (
			);
			dependencies = (
			);
			name = "Hello World";
			productName = "Hello World";
			productReference = D494CA2219AEAF0A00EEF85C /* Hello World.app */;
			productType = "com.apple.product-type.application";
		};
		D494CA3319AEAF0B00EEF85C /* Hello WorldTests */ = {
			isa = PBXNativeTarget;
			buildConfigurationList = D494CA4119AEAF0B00EEF85C /* Build configuration list for PBXNativeTarget "Hello WorldTests" */;
			buildPhases = (
				D494CA3019AEAF0B00EEF85C /* Sources */,
				D494CA3119AEAF0B00EEF85C /* Frameworks */,
				D494CA3219AEAF0B00EEF85C /* Resources */,
			);
			buildRules = (
			);
			dependencies = (
				D494CA3619AEAF0B00EEF85C /* PBXTargetDependency */,
			);
			name = "Hello WorldTests";
			productName = "Hello WorldTests";
			productReference = D494CA3419AEAF0B00EEF85C /* Hello WorldTests.xctest */;
			productType = "com.apple.product-type.bundle.unit-test";
		};
/* End PBXNativeTarget section */

/* Begin PBXProject section */
		D494CA1A19AEAF0A00EEF85C /* Project object */ = {
			isa = PBXProject;
			attributes = {
				LastUpgradeCheck = 0600;
				ORGANIZATIONNAME = "Josh Allen Bosley";
				TargetAttributes = {
					D494CA2119AEAF0A00EEF85C = {
						CreatedOnToolsVersion = 6.0;
					};
					D494CA3319AEAF0B00EEF85C = {
						CreatedOnToolsVersion = 6.0;
						TestTargetID = D494CA2119AEAF0A00EEF85C;
					};
				};
			};
			buildConfigurationList = D494CA1D19AEAF0A00EEF85C /* Build configuration list for PBXProject "Hello World" */;
			compatibilityVersion = "Xcode 3.2";
			developmentRegion = English;
			hasScannedForEncodings = 0;
			knownRegions = (
				en,
				Base,
			);
			mainGroup = D494CA1919AEAF0A00EEF85C;
			productRefGroup = D494CA2319AEAF0A00EEF85C /* Products */;
			projectDirPath = "";
			projectRoot = "";
			targets = (
				D494CA2119AEAF0A00EEF85C /* Hello World */,
				D494CA3319AEAF0B00EEF85C /* Hello WorldTests */,
			);
		};
/* End PBXProject section */

/* Begin PBXResourcesBuildPhase section */
		D494CA2019AEAF0A00EEF85C /* Resources */ = {
			isa = PBXResourcesBuildPhase;
			buildActionMask = 2147483647;
			files = (
				D494CA2D19AEAF0A00EEF85C /* Main.storyboard in Resources */,
				D494CA2F19AEAF0B00EEF85C /* Images.xcassets in Resources */,
			);
			runOnlyForDeploymentPostprocessing = 0;
		};
		D494CA3219AEAF0B00EEF85C /* Resources */ = {
			isa = PBXResourcesBuildPhase;
			buildActionMask = 2147483647;
			files = (
			);
			runOnlyForDeploymentPostprocessing = 0;
		};
/* End PBXResourcesBuildPhase section */

/* Begin PBXSourcesBuildPhase section */
		D494CA1E19AEAF0A00EEF85C /* Sources */ = {
			isa = PBXSourcesBuildPhase;
			buildActionMask = 2147483647;
			files = (
				D494CA2A19AEAF0A00EEF85C /* ViewController.swift in Sources */,
				D494CA2819AEAF0A00EEF85C /* AppDelegate.swift in Sources */,
			);
			runOnlyForDeploymentPostprocessing = 0;
		};
		D494CA3019AEAF0B00EEF85C /* Sources */ = {
			isa = PBXSourcesBuildPhase;
			buildActionMask = 2147483647;
			files = (
				D494CA3B19AEAF0B00EEF85C /* Hello_WorldTests.swift in Sources */,
			);
			runOnlyForDeploymentPostprocessing = 0;
		};
/* End PBXSourcesBuildPhase section */

/* Begin PBXTargetDependency section */
		D494CA3619AEAF0B00EEF85C /* PBXTargetDependency */ = {
			isa = PBXTargetDependency;
			target = D494CA2119AEAF0A00EEF85C /* Hello World */;
			targetProxy = D494CA3519AEAF0B00EEF85C /* PBXContainerItemProxy */;
		};
/* End PBXTargetDependency section */

/* Begin PBXVariantGroup section */
		D494CA2B19AEAF0A00EEF85C /* Main.storyboard */ = {
			isa = PBXVariantGroup;
			children = (
				D494CA2C19AEAF0A00EEF85C /* Base */,
			);
			name = Main.storyboard;
			sourceTree = "<group>";
		};
/* End PBXVariantGroup section */

/* Begin XCBuildConfiguration section */
		D494CA3C19AEAF0B00EEF85C /* Debug */ = {
			isa = XCBuildConfiguration;
			buildSettings = {
				ALWAYS_SEARCH_USER_PATHS = NO;
				CLANG_CXX_LANGUAGE_STANDARD = "gnu++0x";
				CLANG_CXX_LIBRARY = "libc++";
				CLANG_ENABLE_MODULES = YES;
				CLANG_ENABLE_OBJC_ARC = YES;
				CLANG_WARN_BOOL_CONVERSION = YES;
				CLANG_WARN_CONSTANT_CONVERSION = YES;
				CLANG_WARN_DIRECT_OBJC_ISA_USAGE = YES_ERROR;
				CLANG_WARN_EMPTY_BODY = YES;
				CLANG_WARN_ENUM_CONVERSION = YES;
				CLANG_WARN_INT_CONVERSION = YES;
				CLANG_WARN_OBJC_ROOT_CLASS = YES_ERROR;
				CLANG_WARN_UNREACHABLE_CODE = YES;
				CLANG_WARN__DUPLICATE_METHOD_MATCH = YES;
				"CODE_SIGN_IDENTITY[sdk=iphoneos*]" = "iPhone Developer";
				COPY_PHASE_STRIP = NO;
				ENABLE_STRICT_OBJC_MSGSEND = YES;
				GCC_C_LANGUAGE_STANDARD = gnu99;
				GCC_DYNAMIC_NO_PIC = NO;
				GCC_OPTIMIZATION_LEVEL = 0;
				GCC_PREPROCESSOR_DEFINITIONS = (
					"DEBUG=1",
					"$(inherited)",
				);
				GCC_SYMBOLS_PRIVATE_EXTERN = NO;
				GCC_WARN_64_TO_32_BIT_CONVERSION = YES;
				GCC_WARN_ABOUT_RETURN_TYPE = YES_ERROR;
				GCC_WARN_UNDECLARED_SELECTOR = YES;
				GCC_WARN_UNINITIALIZED_AUTOS = YES_AGGRESSIVE;
				GCC_WARN_UNUSED_FUNCTION = YES;
				GCC_WARN_UNUSED_VARIABLE = YES;
				IPHONEOS_DEPLOYMENT_TARGET = 8.0;
				MTL_ENABLE_DEBUG_INFO = YES;
				ONLY_ACTIVE_ARCH = YES;
				SDKROOT = iphoneos;
				SWIFT_OPTIMIZATION_LEVEL = "-Onone";
			};
			name = Debug;
		};
		D494CA3D19AEAF0B00EEF85C /* Release */ = {
			isa = XCBuildConfiguration;
			buildSettings = {
				ALWAYS_SEARCH_USER_PATHS = NO;
				CLANG_CXX_LANGUAGE_STANDARD = "gnu++0x";
				CLANG_CXX_LIBRARY = "libc++";
				CLANG_ENABLE_MODULES = YES;
				CLANG_ENABLE_OBJC_ARC = YES;
				CLANG_WARN_BOOL_CONVERSION = YES;
				CLANG_WARN_CONSTANT_CONVERSION = YES;
				CLANG_WARN_DIRECT_OBJC_ISA_USAGE = YES_ERROR;
				CLANG_WARN_EMPTY_BODY = YES;
				CLANG_WARN_ENUM_CONVERSION = YES;
				CLANG_WARN_INT_CONVERSION = YES;
				CLANG_WARN_OBJC_ROOT_CLASS = YES_ERROR;
				CLANG_WARN_UNREACHABLE_CODE = YES;
				CLANG_WARN__DUPLICATE_METHOD_MATCH = YES;
				"CODE_SIGN_IDENTITY[sdk=iphoneos*]" = "iPhone Developer";
				COPY_PHASE_STRIP = YES;
				ENABLE_NS_ASSERTIONS = NO;
				ENABLE_STRICT_OBJC_MSGSEND = YES;
				GCC_C_LANGUAGE_STANDARD = gnu99;
				GCC_WARN_64_TO_32_BIT_CONVERSION = YES;
				GCC_WARN_ABOUT_RETURN_TYPE = YES_ERROR;
				GCC_WARN_UNDECLARED_SELECTOR = YES;
				GCC_WARN_UNINITIALIZED_AUTOS = YES_AGGRESSIVE;
				GCC_WARN_UNUSED_FUNCTION = YES;
				GCC_WARN_UNUSED_VARIABLE = YES;
				IPHONEOS_DEPLOYMENT_TARGET = 8.0;
				MTL_ENABLE_DEBUG_INFO = NO;
				SDKROOT = iphoneos;
				VALIDATE_PRODUCT = YES;
			};
			name = Release;
		};
		D494CA3F19AEAF0B00EEF85C /* Debug */ = {
			isa = XCBuildConfiguration;
			buildSettings = {
				ASSETCATALOG_COMPILER_APPICON_NAME = AppIcon;
				ASSETCATALOG_COMPILER_LAUNCHIMAGE_NAME = LaunchImage;
				INFOPLIST_FILE = "Hello World/Info.plist";
				LD_RUNPATH_SEARCH_PATHS = "$(inherited) @executable_path/Frameworks";
				PRODUCT_NAME = "$(TARGET_NAME)";
				TARGETED_DEVICE_FAMILY = 1;
			};
			name = Debug;
		};
		D494CA4019AEAF0B00EEF85C /* Release */ = {
			isa = XCBuildConfiguration;
			buildSettings = {
				ASSETCATALOG_COMPILER_APPICON_NAME = AppIcon;
				ASSETCATALOG_COMPILER_LAUNCHIMAGE_NAME = LaunchImage;
				INFOPLIST_FILE = "Hello World/Info.plist";
				LD_RUNPATH_SEARCH_PATHS = "$(inherited) @executable_path/Frameworks";
				PRODUCT_NAME = "$(TARGET_NAME)";
				TARGETED_DEVICE_FAMILY = 1;
			};
			name = Release;
		};
		D494CA4219AEAF0B00EEF85C /* Debug */ = {
			isa = XCBuildConfiguration;
			buildSettings = {
				BUNDLE_LOADER = "$(TEST_HOST)";
				FRAMEWORK_SEARCH_PATHS = (
					"$(SDKROOT)/Developer/Library/Frameworks",
					"$(inherited)",
				);
				GCC_PREPROCESSOR_DEFINITIONS = (
					"DEBUG=1",
					"$(inherited)",
				);
				INFOPLIST_FILE = "Hello WorldTests/Info.plist";
				LD_RUNPATH_SEARCH_PATHS = "$(inherited) @executable_path/Frameworks @loader_path/Frameworks";
				PRODUCT_NAME = "$(TARGET_NAME)";
				TEST_HOST = "$(BUILT_PRODUCTS_DIR)/Hello World.app/Hello World";
			};
			name = Debug;
		};
		D494CA4319AEAF0B00EEF85C /* Release */ = {
			isa = XCBuildConfiguration;
			buildSettings = {
				BUNDLE_LOADER = "$(TEST_HOST)";
				FRAMEWORK_SEARCH_PATHS = (
					"$(SDKROOT)/Developer/Library/Frameworks",
					"$(inherited)",
				);
				INFOPLIST_FILE = "Hello WorldTests/Info.plist";
				LD_RUNPATH_SEARCH_PATHS = "$(inherited) @executable_path/Frameworks @loader_path/Frameworks";
				PRODUCT_NAME = "$(TARGET_NAME)";
				TEST_HOST = "$(BUILT_PRODUCTS_DIR)/Hello World.app/Hello World";
			};
			name = Release;
		};
/* End XCBuildConfiguration section */

/* Begin XCConfigurationList section */
		D494CA1D19AEAF0A00EEF85C /* Build configuration list for PBXProject "Hello World" */ = {
			isa = XCConfigurationList;
			buildConfigurations = (
				D494CA3C19AEAF0B00EEF85C /* Debug */,
				D494CA3D19AEAF0B00EEF85C /* Release */,
			);
			defaultConfigurationIsVisible = 0;
			defaultConfigurationName = Release;
		};
		D494CA3E19AEAF0B00EEF85C /* Build configuration list for PBXNativeTarget "Hello World" */ = {
			isa = XCConfigurationList;
			buildConfigurations = (
				D494CA3F19AEAF0B00EEF85C /* Debug */,
				D494CA4019AEAF0B00EEF85C /* Release */,
			);
			defaultConfigurationIsVisible = 0;
		};
		D494CA4119AEAF0B00EEF85C /* Build configuration list for PBXNativeTarget "Hello WorldTests" */ = {
			isa = XCConfigurationList;
			buildConfigurations = (
				D494CA4219AEAF0B00EEF85C /* Debug */,
				D494CA4319AEAF0B00EEF85C /* Release */,
			);
			defaultConfigurationIsVisible = 0;
		};
/* End XCConfigurationList section */
	};
	rootObject = D494CA1A19AEAF0A00EEF85C /* Project object */;
}
