// !$*UTF8*$!
{
	archiveVersion = 1;
	classes = {
	};
	objectVersion = 46;
	objects = {

/* Begin PBXBuildFile section */
		D48F79141A04466000AE1C4E /* AppDelegate.swift in Sources */ = {isa = PBXBuildFile; fileRef = D48F79131A04466000AE1C4E /* AppDelegate.swift */; };
		D48F79161A04466000AE1C4E /* ViewController.swift in Sources */ = {isa = PBXBuildFile; fileRef = D48F79151A04466000AE1C4E /* ViewController.swift */; };
		D48F79191A04466000AE1C4E /* Main.storyboard in Resources */ = {isa = PBXBuildFile; fileRef = D48F79171A04466000AE1C4E /* Main.storyboard */; };
		D48F791B1A04466000AE1C4E /* Images.xcassets in Resources */ = {isa = PBXBuildFile; fileRef = D48F791A1A04466000AE1C4E /* Images.xcassets */; };
		D48F791E1A04466000AE1C4E /* LaunchScreen.xib in Resources */ = {isa = PBXBuildFile; fileRef = D48F791C1A04466000AE1C4E /* LaunchScreen.xib */; };
		D48F792A1A04466000AE1C4E /* objCClientTests.swift in Sources */ = {isa = PBXBuildFile; fileRef = D48F79291A04466000AE1C4E /* objCClientTests.swift */; };
		D48F79351A04475100AE1C4E /* socketConn.m in Sources */ = {isa = PBXBuildFile; fileRef = D48F79341A04475100AE1C4E /* socketConn.m */; };
		D48F796C1A0C149A00AE1C4E /* socketDelegate.swift in Sources */ = {isa = PBXBuildFile; fileRef = D48F796B1A0C149A00AE1C4E /* socketDelegate.swift */; };
/* End PBXBuildFile section */

/* Begin PBXContainerItemProxy section */
		D48F79241A04466000AE1C4E /* PBXContainerItemProxy */ = {
			isa = PBXContainerItemProxy;
			containerPortal = D48F79061A04466000AE1C4E /* Project object */;
			proxyType = 1;
			remoteGlobalIDString = D48F790D1A04466000AE1C4E;
			remoteInfo = objCClient;
		};
/* End PBXContainerItemProxy section */

/* Begin PBXFileReference section */
		D48F790E1A04466000AE1C4E /* objCClient.app */ = {isa = PBXFileReference; explicitFileType = wrapper.application; includeInIndex = 0; path = objCClient.app; sourceTree = BUILT_PRODUCTS_DIR; };
		D48F79121A04466000AE1C4E /* Info.plist */ = {isa = PBXFileReference; lastKnownFileType = text.plist.xml; path = Info.plist; sourceTree = "<group>"; };
		D48F79131A04466000AE1C4E /* AppDelegate.swift */ = {isa = PBXFileReference; lastKnownFileType = sourcecode.swift; path = AppDelegate.swift; sourceTree = "<group>"; };
		D48F79151A04466000AE1C4E /* ViewController.swift */ = {isa = PBXFileReference; lastKnownFileType = sourcecode.swift; path = ViewController.swift; sourceTree = "<group>"; };
		D48F79181A04466000AE1C4E /* Base */ = {isa = PBXFileReference; lastKnownFileType = file.storyboard; name = Base; path = Base.lproj/Main.storyboard; sourceTree = "<group>"; };
		D48F791A1A04466000AE1C4E /* Images.xcassets */ = {isa = PBXFileReference; lastKnownFileType = folder.assetcatalog; path = Images.xcassets; sourceTree = "<group>"; };
		D48F791D1A04466000AE1C4E /* Base */ = {isa = PBXFileReference; lastKnownFileType = file.xib; name = Base; path = Base.lproj/LaunchScreen.xib; sourceTree = "<group>"; };
		D48F79231A04466000AE1C4E /* objCClientTests.xctest */ = {isa = PBXFileReference; explicitFileType = wrapper.cfbundle; includeInIndex = 0; path = objCClientTests.xctest; sourceTree = BUILT_PRODUCTS_DIR; };
		D48F79281A04466000AE1C4E /* Info.plist */ = {isa = PBXFileReference; lastKnownFileType = text.plist.xml; path = Info.plist; sourceTree = "<group>"; };
		D48F79291A04466000AE1C4E /* objCClientTests.swift */ = {isa = PBXFileReference; lastKnownFileType = sourcecode.swift; path = objCClientTests.swift; sourceTree = "<group>"; };
		D48F79331A04475000AE1C4E /* objCClient-Bridging-Header.h */ = {isa = PBXFileReference; lastKnownFileType = sourcecode.c.h; path = "objCClient-Bridging-Header.h"; sourceTree = "<group>"; };
		D48F79341A04475100AE1C4E /* socketConn.m */ = {isa = PBXFileReference; fileEncoding = 4; lastKnownFileType = sourcecode.c.objc; path = socketConn.m; sourceTree = "<group>"; };
		D48F79361A04476E00AE1C4E /* socketConn.h */ = {isa = PBXFileReference; lastKnownFileType = sourcecode.c.h; path = socketConn.h; sourceTree = "<group>"; };
		D48F796B1A0C149A00AE1C4E /* socketDelegate.swift */ = {isa = PBXFileReference; fileEncoding = 4; lastKnownFileType = sourcecode.swift; path = socketDelegate.swift; sourceTree = "<group>"; };
/* End PBXFileReference section */

/* Begin PBXFrameworksBuildPhase section */
		D48F790B1A04466000AE1C4E /* Frameworks */ = {
			isa = PBXFrameworksBuildPhase;
			buildActionMask = 2147483647;
			files = (
			);
			runOnlyForDeploymentPostprocessing = 0;
		};
		D48F79201A04466000AE1C4E /* Frameworks */ = {
			isa = PBXFrameworksBuildPhase;
			buildActionMask = 2147483647;
			files = (
			);
			runOnlyForDeploymentPostprocessing = 0;
		};
/* End PBXFrameworksBuildPhase section */

/* Begin PBXGroup section */
		D48F79051A04466000AE1C4E = {
			isa = PBXGroup;
			children = (
				D48F79101A04466000AE1C4E /* objCClient */,
				D48F79261A04466000AE1C4E /* objCClientTests */,
				D48F790F1A04466000AE1C4E /* Products */,
			);
			sourceTree = "<group>";
		};
		D48F790F1A04466000AE1C4E /* Products */ = {
			isa = PBXGroup;
			children = (
				D48F790E1A04466000AE1C4E /* objCClient.app */,
				D48F79231A04466000AE1C4E /* objCClientTests.xctest */,
			);
			name = Products;
			sourceTree = "<group>";
		};
		D48F79101A04466000AE1C4E /* objCClient */ = {
			isa = PBXGroup;
			children = (
				D48F79131A04466000AE1C4E /* AppDelegate.swift */,
				D48F79151A04466000AE1C4E /* ViewController.swift */,
				D48F79171A04466000AE1C4E /* Main.storyboard */,
				D48F791A1A04466000AE1C4E /* Images.xcassets */,
				D48F791C1A04466000AE1C4E /* LaunchScreen.xib */,
				D48F79111A04466000AE1C4E /* Supporting Files */,
				D48F79341A04475100AE1C4E /* socketConn.m */,
				D48F79331A04475000AE1C4E /* objCClient-Bridging-Header.h */,
				D48F79361A04476E00AE1C4E /* socketConn.h */,
				D48F796B1A0C149A00AE1C4E /* socketDelegate.swift */,
			);
			path = objCClient;
			sourceTree = "<group>";
		};
		D48F79111A04466000AE1C4E /* Supporting Files */ = {
			isa = PBXGroup;
			children = (
				D48F79121A04466000AE1C4E /* Info.plist */,
			);
			name = "Supporting Files";
			sourceTree = "<group>";
		};
		D48F79261A04466000AE1C4E /* objCClientTests */ = {
			isa = PBXGroup;
			children = (
				D48F79291A04466000AE1C4E /* objCClientTests.swift */,
				D48F79271A04466000AE1C4E /* Supporting Files */,
			);
			path = objCClientTests;
			sourceTree = "<group>";
		};
		D48F79271A04466000AE1C4E /* Supporting Files */ = {
			isa = PBXGroup;
			children = (
				D48F79281A04466000AE1C4E /* Info.plist */,
			);
			name = "Supporting Files";
			sourceTree = "<group>";
		};
/* End PBXGroup section */

/* Begin PBXNativeTarget section */
		D48F790D1A04466000AE1C4E /* objCClient */ = {
			isa = PBXNativeTarget;
			buildConfigurationList = D48F792D1A04466000AE1C4E /* Build configuration list for PBXNativeTarget "objCClient" */;
			buildPhases = (
				D48F790A1A04466000AE1C4E /* Sources */,
				D48F790B1A04466000AE1C4E /* Frameworks */,
				D48F790C1A04466000AE1C4E /* Resources */,
			);
			buildRules = (
			);
			dependencies = (
			);
			name = objCClient;
			productName = objCClient;
			productReference = D48F790E1A04466000AE1C4E /* objCClient.app */;
			productType = "com.apple.product-type.application";
		};
		D48F79221A04466000AE1C4E /* objCClientTests */ = {
			isa = PBXNativeTarget;
			buildConfigurationList = D48F79301A04466000AE1C4E /* Build configuration list for PBXNativeTarget "objCClientTests" */;
			buildPhases = (
				D48F791F1A04466000AE1C4E /* Sources */,
				D48F79201A04466000AE1C4E /* Frameworks */,
				D48F79211A04466000AE1C4E /* Resources */,
			);
			buildRules = (
			);
			dependencies = (
				D48F79251A04466000AE1C4E /* PBXTargetDependency */,
			);
			name = objCClientTests;
			productName = objCClientTests;
			productReference = D48F79231A04466000AE1C4E /* objCClientTests.xctest */;
			productType = "com.apple.product-type.bundle.unit-test";
		};
/* End PBXNativeTarget section */

/* Begin PBXProject section */
		D48F79061A04466000AE1C4E /* Project object */ = {
			isa = PBXProject;
			attributes = {
				LastUpgradeCheck = 0600;
				ORGANIZATIONNAME = Lssu;
				TargetAttributes = {
					D48F790D1A04466000AE1C4E = {
						CreatedOnToolsVersion = 6.1;
					};
					D48F79221A04466000AE1C4E = {
						CreatedOnToolsVersion = 6.1;
						TestTargetID = D48F790D1A04466000AE1C4E;
					};
				};
			};
			buildConfigurationList = D48F79091A04466000AE1C4E /* Build configuration list for PBXProject "objCClient" */;
			compatibilityVersion = "Xcode 3.2";
			developmentRegion = English;
			hasScannedForEncodings = 0;
			knownRegions = (
				en,
				Base,
			);
			mainGroup = D48F79051A04466000AE1C4E;
			productRefGroup = D48F790F1A04466000AE1C4E /* Products */;
			projectDirPath = "";
			projectRoot = "";
			targets = (
				D48F790D1A04466000AE1C4E /* objCClient */,
				D48F79221A04466000AE1C4E /* objCClientTests */,
			);
		};
/* End PBXProject section */

/* Begin PBXResourcesBuildPhase section */
		D48F790C1A04466000AE1C4E /* Resources */ = {
			isa = PBXResourcesBuildPhase;
			buildActionMask = 2147483647;
			files = (
				D48F79191A04466000AE1C4E /* Main.storyboard in Resources */,
				D48F791E1A04466000AE1C4E /* LaunchScreen.xib in Resources */,
				D48F791B1A04466000AE1C4E /* Images.xcassets in Resources */,
			);
			runOnlyForDeploymentPostprocessing = 0;
		};
		D48F79211A04466000AE1C4E /* Resources */ = {
			isa = PBXResourcesBuildPhase;
			buildActionMask = 2147483647;
			files = (
			);
			runOnlyForDeploymentPostprocessing = 0;
		};
/* End PBXResourcesBuildPhase section */

/* Begin PBXSourcesBuildPhase section */
		D48F790A1A04466000AE1C4E /* Sources */ = {
			isa = PBXSourcesBuildPhase;
			buildActionMask = 2147483647;
			files = (
				D48F79161A04466000AE1C4E /* ViewController.swift in Sources */,
				D48F79141A04466000AE1C4E /* AppDelegate.swift in Sources */,
				D48F79351A04475100AE1C4E /* socketConn.m in Sources */,
				D48F796C1A0C149A00AE1C4E /* socketDelegate.swift in Sources */,
			);
			runOnlyForDeploymentPostprocessing = 0;
		};
		D48F791F1A04466000AE1C4E /* Sources */ = {
			isa = PBXSourcesBuildPhase;
			buildActionMask = 2147483647;
			files = (
				D48F792A1A04466000AE1C4E /* objCClientTests.swift in Sources */,
			);
			runOnlyForDeploymentPostprocessing = 0;
		};
/* End PBXSourcesBuildPhase section */

/* Begin PBXTargetDependency section */
		D48F79251A04466000AE1C4E /* PBXTargetDependency */ = {
			isa = PBXTargetDependency;
			target = D48F790D1A04466000AE1C4E /* objCClient */;
			targetProxy = D48F79241A04466000AE1C4E /* PBXContainerItemProxy */;
		};
/* End PBXTargetDependency section */

/* Begin PBXVariantGroup section */
		D48F79171A04466000AE1C4E /* Main.storyboard */ = {
			isa = PBXVariantGroup;
			children = (
				D48F79181A04466000AE1C4E /* Base */,
			);
			name = Main.storyboard;
			sourceTree = "<group>";
		};
		D48F791C1A04466000AE1C4E /* LaunchScreen.xib */ = {
			isa = PBXVariantGroup;
			children = (
				D48F791D1A04466000AE1C4E /* Base */,
			);
			name = LaunchScreen.xib;
			sourceTree = "<group>";
		};
/* End PBXVariantGroup section */

/* Begin XCBuildConfiguration section */
		D48F792B1A04466000AE1C4E /* Debug */ = {
			isa = XCBuildConfiguration;
			buildSettings = {
				ALWAYS_SEARCH_USER_PATHS = NO;
				CLANG_CXX_LANGUAGE_STANDARD = "gnu++0x";
				CLANG_CXX_LIBRARY = "libc++";
				CLANG_ENABLE_MODULES = YES;
				CLANG_ENABLE_OBJC_ARC = YES;
				CLANG_WARN_BOOL_CONVERSION = YES;
				CLANG_WARN_CONSTANT_CONVERSION = YES;
				CLANG_WARN_DIRECT_OBJC_ISA_USAGE = YES_ERROR;
				CLANG_WARN_EMPTY_BODY = YES;
				CLANG_WARN_ENUM_CONVERSION = YES;
				CLANG_WARN_INT_CONVERSION = YES;
				CLANG_WARN_OBJC_ROOT_CLASS = YES_ERROR;
				CLANG_WARN_UNREACHABLE_CODE = YES;
				CLANG_WARN__DUPLICATE_METHOD_MATCH = YES;
				"CODE_SIGN_IDENTITY[sdk=iphoneos*]" = "iPhone Developer";
				COPY_PHASE_STRIP = NO;
				ENABLE_STRICT_OBJC_MSGSEND = YES;
				GCC_C_LANGUAGE_STANDARD = gnu99;
				GCC_DYNAMIC_NO_PIC = NO;
				GCC_OPTIMIZATION_LEVEL = 0;
				GCC_PREPROCESSOR_DEFINITIONS = (
					"DEBUG=1",
					"$(inherited)",
				);
				GCC_SYMBOLS_PRIVATE_EXTERN = NO;
				GCC_WARN_64_TO_32_BIT_CONVERSION = YES;
				GCC_WARN_ABOUT_RETURN_TYPE = YES_ERROR;
				GCC_WARN_UNDECLARED_SELECTOR = YES;
				GCC_WARN_UNINITIALIZED_AUTOS = YES_AGGRESSIVE;
				GCC_WARN_UNUSED_FUNCTION = YES;
				GCC_WARN_UNUSED_VARIABLE = YES;
				IPHONEOS_DEPLOYMENT_TARGET = 8.0;
				MTL_ENABLE_DEBUG_INFO = YES;
				ONLY_ACTIVE_ARCH = YES;
				SDKROOT = iphoneos;
				SWIFT_OPTIMIZATION_LEVEL = "-Onone";
			};
			name = Debug;
		};
		D48F792C1A04466000AE1C4E /* Release */ = {
			isa = XCBuildConfiguration;
			buildSettings = {
				ALWAYS_SEARCH_USER_PATHS = NO;
				CLANG_CXX_LANGUAGE_STANDARD = "gnu++0x";
				CLANG_CXX_LIBRARY = "libc++";
				CLANG_ENABLE_MODULES = YES;
				CLANG_ENABLE_OBJC_ARC = YES;
				CLANG_WARN_BOOL_CONVERSION = YES;
				CLANG_WARN_CONSTANT_CONVERSION = YES;
				CLANG_WARN_DIRECT_OBJC_ISA_USAGE = YES_ERROR;
				CLANG_WARN_EMPTY_BODY = YES;
				CLANG_WARN_ENUM_CONVERSION = YES;
				CLANG_WARN_INT_CONVERSION = YES;
				CLANG_WARN_OBJC_ROOT_CLASS = YES_ERROR;
				CLANG_WARN_UNREACHABLE_CODE = YES;
				CLANG_WARN__DUPLICATE_METHOD_MATCH = YES;
				"CODE_SIGN_IDENTITY[sdk=iphoneos*]" = "iPhone Developer";
				COPY_PHASE_STRIP = YES;
				ENABLE_NS_ASSERTIONS = NO;
				ENABLE_STRICT_OBJC_MSGSEND = YES;
				GCC_C_LANGUAGE_STANDARD = gnu99;
				GCC_WARN_64_TO_32_BIT_CONVERSION = YES;
				GCC_WARN_ABOUT_RETURN_TYPE = YES_ERROR;
				GCC_WARN_UNDECLARED_SELECTOR = YES;
				GCC_WARN_UNINITIALIZED_AUTOS = YES_AGGRESSIVE;
				GCC_WARN_UNUSED_FUNCTION = YES;
				GCC_WARN_UNUSED_VARIABLE = YES;
				IPHONEOS_DEPLOYMENT_TARGET = 8.0;
				MTL_ENABLE_DEBUG_INFO = NO;
				SDKROOT = iphoneos;
				VALIDATE_PRODUCT = YES;
			};
			name = Release;
		};
		D48F792E1A04466000AE1C4E /* Debug */ = {
			isa = XCBuildConfiguration;
			buildSettings = {
				ASSETCATALOG_COMPILER_APPICON_NAME = AppIcon;
				CLANG_ENABLE_MODULES = YES;
				INFOPLIST_FILE = objCClient/Info.plist;
				LD_RUNPATH_SEARCH_PATHS = "$(inherited) @executable_path/Frameworks";
				PRODUCT_NAME = "$(TARGET_NAME)";
				SWIFT_OBJC_BRIDGING_HEADER = "objCClient/objCClient-Bridging-Header.h";
				SWIFT_OPTIMIZATION_LEVEL = "-Onone";
			};
			name = Debug;
		};
		D48F792F1A04466000AE1C4E /* Release */ = {
			isa = XCBuildConfiguration;
			buildSettings = {
				ASSETCATALOG_COMPILER_APPICON_NAME = AppIcon;
				CLANG_ENABLE_MODULES = YES;
				INFOPLIST_FILE = objCClient/Info.plist;
				LD_RUNPATH_SEARCH_PATHS = "$(inherited) @executable_path/Frameworks";
				PRODUCT_NAME = "$(TARGET_NAME)";
				SWIFT_OBJC_BRIDGING_HEADER = "objCClient/objCClient-Bridging-Header.h";
			};
			name = Release;
		};
		D48F79311A04466000AE1C4E /* Debug */ = {
			isa = XCBuildConfiguration;
			buildSettings = {
				BUNDLE_LOADER = "$(TEST_HOST)";
				FRAMEWORK_SEARCH_PATHS = (
					"$(SDKROOT)/Developer/Library/Frameworks",
					"$(inherited)",
				);
				GCC_PREPROCESSOR_DEFINITIONS = (
					"DEBUG=1",
					"$(inherited)",
				);
				INFOPLIST_FILE = objCClientTests/Info.plist;
				LD_RUNPATH_SEARCH_PATHS = "$(inherited) @executable_path/Frameworks @loader_path/Frameworks";
				PRODUCT_NAME = "$(TARGET_NAME)";
				TEST_HOST = "$(BUILT_PRODUCTS_DIR)/objCClient.app/objCClient";
			};
			name = Debug;
		};
		D48F79321A04466000AE1C4E /* Release */ = {
			isa = XCBuildConfiguration;
			buildSettings = {
				BUNDLE_LOADER = "$(TEST_HOST)";
				FRAMEWORK_SEARCH_PATHS = (
					"$(SDKROOT)/Developer/Library/Frameworks",
					"$(inherited)",
				);
				INFOPLIST_FILE = objCClientTests/Info.plist;
				LD_RUNPATH_SEARCH_PATHS = "$(inherited) @executable_path/Frameworks @loader_path/Frameworks";
				PRODUCT_NAME = "$(TARGET_NAME)";
				TEST_HOST = "$(BUILT_PRODUCTS_DIR)/objCClient.app/objCClient";
			};
			name = Release;
		};
/* End XCBuildConfiguration section */

/* Begin XCConfigurationList section */
		D48F79091A04466000AE1C4E /* Build configuration list for PBXProject "objCClient" */ = {
			isa = XCConfigurationList;
			buildConfigurations = (
				D48F792B1A04466000AE1C4E /* Debug */,
				D48F792C1A04466000AE1C4E /* Release */,
			);
			defaultConfigurationIsVisible = 0;
			defaultConfigurationName = Release;
		};
		D48F792D1A04466000AE1C4E /* Build configuration list for PBXNativeTarget "objCClient" */ = {
			isa = XCConfigurationList;
			buildConfigurations = (
				D48F792E1A04466000AE1C4E /* Debug */,
				D48F792F1A04466000AE1C4E /* Release */,
			);
			defaultConfigurationIsVisible = 0;
			defaultConfigurationName = Release;
		};
		D48F79301A04466000AE1C4E /* Build configuration list for PBXNativeTarget "objCClientTests" */ = {
			isa = XCConfigurationList;
			buildConfigurations = (
				D48F79311A04466000AE1C4E /* Debug */,
				D48F79321A04466000AE1C4E /* Release */,
			);
			defaultConfigurationIsVisible = 0;
			defaultConfigurationName = Release;
		};
/* End XCConfigurationList section */
	};
	rootObject = D48F79061A04466000AE1C4E /* Project object */;
}
